// !$*UTF8*$!
{
	archiveVersion = 1;
	classes = {
	};
	objectVersion = 50;
	objects = {

/* Begin PBXBuildFile section */
		6BAE835122E09F82002318BC /* AppDelegate.swift in Sources */ = {isa = PBXBuildFile; fileRef = 6BAE835022E09F82002318BC /* AppDelegate.swift */; };
		6BAE835322E09F82002318BC /* SceneDelegate.swift in Sources */ = {isa = PBXBuildFile; fileRef = 6BAE835222E09F82002318BC /* SceneDelegate.swift */; };
		6BAE835522E09F82002318BC /* ViewController.swift in Sources */ = {isa = PBXBuildFile; fileRef = 6BAE835422E09F82002318BC /* ViewController.swift */; };
		6BAE835822E09F82002318BC /* Main.storyboard in Resources */ = {isa = PBXBuildFile; fileRef = 6BAE835622E09F82002318BC /* Main.storyboard */; };
		6BAE835A22E09F84002318BC /* Assets.xcassets in Resources */ = {isa = PBXBuildFile; fileRef = 6BAE835922E09F84002318BC /* Assets.xcassets */; };
		6BAE835D22E09F84002318BC /* LaunchScreen.storyboard in Resources */ = {isa = PBXBuildFile; fileRef = 6BAE835B22E09F84002318BC /* LaunchScreen.storyboard */; };
		6BAE836522E0A2A8002318BC /* mydb.sqlite in Resources */ = {isa = PBXBuildFile; fileRef = 6BAE836422E09F9C002318BC /* mydb.sqlite */; };
		6BAE836722E0AFCF002318BC /* head.jpg in Resources */ = {isa = PBXBuildFile; fileRef = 6BAE836622E0AFCE002318BC /* head.jpg */; };
/* End PBXBuildFile section */

/* Begin PBXFileReference section */
		6BAE834D22E09F82002318BC /* SqliteProj.app */ = {isa = PBXFileReference; explicitFileType = wrapper.application; includeInIndex = 0; path = SqliteProj.app; sourceTree = BUILT_PRODUCTS_DIR; };
		6BAE835022E09F82002318BC /* AppDelegate.swift */ = {isa = PBXFileReference; lastKnownFileType = sourcecode.swift; path = AppDelegate.swift; sourceTree = "<group>"; };
		6BAE835222E09F82002318BC /* SceneDelegate.swift */ = {isa = PBXFileReference; lastKnownFileType = sourcecode.swift; path = SceneDelegate.swift; sourceTree = "<group>"; };
		6BAE835422E09F82002318BC /* ViewController.swift */ = {isa = PBXFileReference; lastKnownFileType = sourcecode.swift; path = ViewController.swift; sourceTree = "<group>"; };
		6BAE835722E09F82002318BC /* Base */ = {isa = PBXFileReference; lastKnownFileType = file.storyboard; name = Base; path = Base.lproj/Main.storyboard; sourceTree = "<group>"; };
		6BAE835922E09F84002318BC /* Assets.xcassets */ = {isa = PBXFileReference; lastKnownFileType = folder.assetcatalog; path = Assets.xcassets; sourceTree = "<group>"; };
		6BAE835C22E09F84002318BC /* Base */ = {isa = PBXFileReference; lastKnownFileType = file.storyboard; name = Base; path = Base.lproj/LaunchScreen.storyboard; sourceTree = "<group>"; };
		6BAE835E22E09F84002318BC /* Info.plist */ = {isa = PBXFileReference; lastKnownFileType = text.plist.xml; path = Info.plist; sourceTree = "<group>"; };
		6BAE836422E09F9C002318BC /* mydb.sqlite */ = {isa = PBXFileReference; lastKnownFileType = file; path = mydb.sqlite; sourceTree = "<group>"; };
		6BAE836622E0AFCE002318BC /* head.jpg */ = {isa = PBXFileReference; lastKnownFileType = image.jpeg; path = head.jpg; sourceTree = "<group>"; };
/* End PBXFileReference section */

/* Begin PBXFrameworksBuildPhase section */
		6BAE834A22E09F82002318BC /* Frameworks */ = {
			isa = PBXFrameworksBuildPhase;
			buildActionMask = 2147483647;
			files = (
			);
			runOnlyForDeploymentPostprocessing = 0;
		};
/* End PBXFrameworksBuildPhase section */

/* Begin PBXGroup section */
		6BAE834422E09F82002318BC = {
			isa = PBXGroup;
			children = (
				6BAE834F22E09F82002318BC /* SqliteProj */,
				6BAE834E22E09F82002318BC /* Products */,
			);
			sourceTree = "<group>";
		};
		6BAE834E22E09F82002318BC /* Products */ = {
			isa = PBXGroup;
			children = (
				6BAE834D22E09F82002318BC /* SqliteProj.app */,
			);
			name = Products;
			sourceTree = "<group>";
		};
		6BAE834F22E09F82002318BC /* SqliteProj */ = {
			isa = PBXGroup;
			children = (
				6BAE836622E0AFCE002318BC /* head.jpg */,
				6BAE836422E09F9C002318BC /* mydb.sqlite */,
				6BAE835022E09F82002318BC /* AppDelegate.swift */,
				6BAE835222E09F82002318BC /* SceneDelegate.swift */,
				6BAE835422E09F82002318BC /* ViewController.swift */,
				6BAE835622E09F82002318BC /* Main.storyboard */,
				6BAE835922E09F84002318BC /* Assets.xcassets */,
				6BAE835B22E09F84002318BC /* LaunchScreen.storyboard */,
				6BAE835E22E09F84002318BC /* Info.plist */,
			);
			path = SqliteProj;
			sourceTree = "<group>";
		};
/* End PBXGroup section */

/* Begin PBXNativeTarget section */
		6BAE834C22E09F82002318BC /* SqliteProj */ = {
			isa = PBXNativeTarget;
			buildConfigurationList = 6BAE836122E09F84002318BC /* Build configuration list for PBXNativeTarget "SqliteProj" */;
			buildPhases = (
				6BAE834922E09F82002318BC /* Sources */,
				6BAE834A22E09F82002318BC /* Frameworks */,
				6BAE834B22E09F82002318BC /* Resources */,
			);
			buildRules = (
			);
			dependencies = (
			);
			name = SqliteProj;
			productName = SqliteProj;
			productReference = 6BAE834D22E09F82002318BC /* SqliteProj.app */;
			productType = "com.apple.product-type.application";
		};
/* End PBXNativeTarget section */

/* Begin PBXProject section */
		6BAE834522E09F82002318BC /* Project object */ = {
			isa = PBXProject;
			attributes = {
				LastSwiftUpdateCheck = 1100;
				LastUpgradeCheck = 1200;
				ORGANIZATIONNAME = "KoKang Chu";
				TargetAttributes = {
					6BAE834C22E09F82002318BC = {
						CreatedOnToolsVersion = 11.0;
					};
				};
			};
			buildConfigurationList = 6BAE834822E09F82002318BC /* Build configuration list for PBXProject "SqliteProj" */;
			compatibilityVersion = "Xcode 9.3";
			developmentRegion = en;
			hasScannedForEncodings = 0;
			knownRegions = (
				en,
				Base,
			);
			mainGroup = 6BAE834422E09F82002318BC;
			productRefGroup = 6BAE834E22E09F82002318BC /* Products */;
			projectDirPath = "";
			projectRoot = "";
			targets = (
				6BAE834C22E09F82002318BC /* SqliteProj */,
			);
		};
/* End PBXProject section */

/* Begin PBXResourcesBuildPhase section */
		6BAE834B22E09F82002318BC /* Resources */ = {
			isa = PBXResourcesBuildPhase;
			buildActionMask = 2147483647;
			files = (
				6BAE836522E0A2A8002318BC /* mydb.sqlite in Resources */,
				6BAE835D22E09F84002318BC /* LaunchScreen.storyboard in Resources */,
				6BAE836722E0AFCF002318BC /* head.jpg in Resources */,
				6BAE835A22E09F84002318BC /* Assets.xcassets in Resources */,
				6BAE835822E09F82002318BC /* Main.storyboard in Resources */,
			);
			runOnlyForDeploymentPostprocessing = 0;
		};
/* End PBXResourcesBuildPhase section */

/* Begin PBXSourcesBuildPhase section */
		6BAE834922E09F82002318BC /* Sources */ = {
			isa = PBXSourcesBuildPhase;
			buildActionMask = 2147483647;
			files = (
				6BAE835522E09F82002318BC /* ViewController.swift in Sources */,
				6BAE835122E09F82002318BC /* AppDelegate.swift in Sources */,
				6BAE835322E09F82002318BC /* SceneDelegate.swift in Sources */,
			);
			runOnlyForDeploymentPostprocessing = 0;
		};
/* End PBXSourcesBuildPhase section */

/* Begin PBXVariantGroup section */
		6BAE835622E09F82002318BC /* Main.storyboard */ = {
			isa = PBXVariantGroup;
			children = (
				6BAE835722E09F82002318BC /* Base */,
			);
			name = Main.storyboard;
			sourceTree = "<group>";
		};
		6BAE835B22E09F84002318BC /* LaunchScreen.storyboard */ = {
			isa = PBXVariantGroup;
			children = (
				6BAE835C22E09F84002318BC /* Base */,
			);
			name = LaunchScreen.storyboard;
			sourceTree = "<group>";
		};
/* End PBXVariantGroup section */

/* Begin XCBuildConfiguration section */
		6BAE835F22E09F84002318BC /* Debug */ = {
			isa = XCBuildConfiguration;
			buildSettings = {
				ALWAYS_SEARCH_USER_PATHS = NO;
				CLANG_ANALYZER_NONNULL = YES;
				CLANG_ANALYZER_NUMBER_OBJECT_CONVERSION = YES_AGGRESSIVE;
				CLANG_CXX_LANGUAGE_STANDARD = "gnu++14";
				CLANG_CXX_LIBRARY = "libc++";
				CLANG_ENABLE_MODULES = YES;
				CLANG_ENABLE_OBJC_ARC = YES;
				CLANG_ENABLE_OBJC_WEAK = YES;
				CLANG_WARN_BLOCK_CAPTURE_AUTORELEASING = YES;
				CLANG_WARN_BOOL_CONVERSION = YES;
				CLANG_WARN_COMMA = YES;
				CLANG_WARN_CONSTANT_CONVERSION = YES;
				CLANG_WARN_DEPRECATED_OBJC_IMPLEMENTATIONS = YES;
				CLANG_WARN_DIRECT_OBJC_ISA_USAGE = YES_ERROR;
				CLANG_WARN_DOCUMENTATION_COMMENTS = YES;
				CLANG_WARN_EMPTY_BODY = YES;
				CLANG_WARN_ENUM_CONVERSION = YES;
				CLANG_WARN_INFINITE_RECURSION = YES;
				CLANG_WARN_INT_CONVERSION = YES;
				CLANG_WARN_NON_LITERAL_NULL_CONVERSION = YES;
				CLANG_WARN_OBJC_IMPLICIT_RETAIN_SELF = YES;
				CLANG_WARN_OBJC_LITERAL_CONVERSION = YES;
				CLANG_WARN_OBJC_ROOT_CLASS = YES_ERROR;
				CLANG_WARN_QUOTED_INCLUDE_IN_FRAMEWORK_HEADER = YES;
				CLANG_WARN_RANGE_LOOP_ANALYSIS = YES;
				CLANG_WARN_STRICT_PROTOTYPES = YES;
				CLANG_WARN_SUSPICIOUS_MOVE = YES;
				CLANG_WARN_UNGUARDED_AVAILABILITY = YES_AGGRESSIVE;
				CLANG_WARN_UNREACHABLE_CODE = YES;
				CLANG_WARN__DUPLICATE_METHOD_MATCH = YES;
				COPY_PHASE_STRIP = NO;
				DEBUG_INFORMATION_FORMAT = dwarf;
				ENABLE_STRICT_OBJC_MSGSEND = YES;
				ENABLE_TESTABILITY = YES;
				GCC_C_LANGUAGE_STANDARD = gnu11;
				GCC_DYNAMIC_NO_PIC = NO;
				GCC_NO_COMMON_BLOCKS = YES;
				GCC_OPTIMIZATION_LEVEL = 0;
				GCC_PREPROCESSOR_DEFINITIONS = (
					"DEBUG=1",
					"$(inherited)",
				);
				GCC_WARN_64_TO_32_BIT_CONVERSION = YES;
				GCC_WARN_ABOUT_RETURN_TYPE = YES_ERROR;
				GCC_WARN_UNDECLARED_SELECTOR = YES;
				GCC_WARN_UNINITIALIZED_AUTOS = YES_AGGRESSIVE;
				GCC_WARN_UNUSED_FUNCTION = YES;
				GCC_WARN_UNUSED_VARIABLE = YES;
				IPHONEOS_DEPLOYMENT_TARGET = 14.0;
				MTL_ENABLE_DEBUG_INFO = INCLUDE_SOURCE;
				MTL_FAST_MATH = YES;
				ONLY_ACTIVE_ARCH = YES;
				SDKROOT = iphoneos;
				SWIFT_ACTIVE_COMPILATION_CONDITIONS = DEBUG;
				SWIFT_OPTIMIZATION_LEVEL = "-Onone";
			};
			name = Debug;
		};
		6BAE836022E09F84002318BC /* Release */ = {
			isa = XCBuildConfiguration;
			buildSettings = {
				ALWAYS_SEARCH_USER_PATHS = NO;
				CLANG_ANALYZER_NONNULL = YES;
				CLANG_ANALYZER_NUMBER_OBJECT_CONVERSION = YES_AGGRESSIVE;
				CLANG_CXX_LANGUAGE_STANDARD = "gnu++14";
				CLANG_CXX_LIBRARY = "libc++";
				CLANG_ENABLE_MODULES = YES;
				CLANG_ENABLE_OBJC_ARC = YES;
				CLANG_ENABLE_OBJC_WEAK = YES;
				CLANG_WARN_BLOCK_CAPTURE_AUTORELEASING = YES;
				CLANG_WARN_BOOL_CONVERSION = YES;
				CLANG_WARN_COMMA = YES;
				CLANG_WARN_CONSTANT_CONVERSION = YES;
				CLANG_WARN_DEPRECATED_OBJC_IMPLEMENTATIONS = YES;
				CLANG_WARN_DIRECT_OBJC_ISA_USAGE = YES_ERROR;
				CLANG_WARN_DOCUMENTATION_COMMENTS = YES;
				CLANG_WARN_EMPTY_BODY = YES;
				CLANG_WARN_ENUM_CONVERSION = YES;
				CLANG_WARN_INFINITE_RECURSION = YES;
				CLANG_WARN_INT_CONVERSION = YES;
				CLANG_WARN_NON_LITERAL_NULL_CONVERSION = YES;
				CLANG_WARN_OBJC_IMPLICIT_RETAIN_SELF = YES;
				CLANG_WARN_OBJC_LITERAL_CONVERSION = YES;
				CLANG_WARN_OBJC_ROOT_CLASS = YES_ERROR;
				CLANG_WARN_QUOTED_INCLUDE_IN_FRAMEWORK_HEADER = YES;
				CLANG_WARN_RANGE_LOOP_ANALYSIS = YES;
				CLANG_WARN_STRICT_PROTOTYPES = YES;
				CLANG_WARN_SUSPICIOUS_MOVE = YES;
				CLANG_WARN_UNGUARDED_AVAILABILITY = YES_AGGRESSIVE;
				CLANG_WARN_UNREACHABLE_CODE = YES;
				CLANG_WARN__DUPLICATE_METHOD_MATCH = YES;
				COPY_PHASE_STRIP = NO;
				DEBUG_INFORMATION_FORMAT = "dwarf-with-dsym";
				ENABLE_NS_ASSERTIONS = NO;
				ENABLE_STRICT_OBJC_MSGSEND = YES;
				GCC_C_LANGUAGE_STANDARD = gnu11;
				GCC_NO_COMMON_BLOCKS = YES;
				GCC_WARN_64_TO_32_BIT_CONVERSION = YES;
				GCC_WARN_ABOUT_RETURN_TYPE = YES_ERROR;
				GCC_WARN_UNDECLARED_SELECTOR = YES;
				GCC_WARN_UNINITIALIZED_AUTOS = YES_AGGRESSIVE;
				GCC_WARN_UNUSED_FUNCTION = YES;
				GCC_WARN_UNUSED_VARIABLE = YES;
				IPHONEOS_DEPLOYMENT_TARGET = 14.0;
				MTL_ENABLE_DEBUG_INFO = NO;
				MTL_FAST_MATH = YES;
				SDKROOT = iphoneos;
				SWIFT_COMPILATION_MODE = wholemodule;
				SWIFT_OPTIMIZATION_LEVEL = "-O";
				VALIDATE_PRODUCT = YES;
			};
			name = Release;
		};
		6BAE836222E09F84002318BC /* Debug */ = {
			isa = XCBuildConfiguration;
			buildSettings = {
				ASSETCATALOG_COMPILER_APPICON_NAME = AppIcon;
				CODE_SIGN_STYLE = Automatic;
				DEVELOPMENT_TEAM = VF5MKR68QW;
				INFOPLIST_FILE = SqliteProj/Info.plist;
				LD_RUNPATH_SEARCH_PATHS = (
					"$(inherited)",
					"@executable_path/Frameworks",
				);
				PRODUCT_BUNDLE_IDENTIFIER = com.ckk.SqliteProj;
				PRODUCT_NAME = "$(TARGET_NAME)";
				SWIFT_VERSION = 5.0;
				TARGETED_DEVICE_FAMILY = "1,2";
			};
			name = Debug;
		};
		6BAE836322E09F84002318BC /* Release */ = {
			isa = XCBuildConfiguration;
			buildSettings = {
				ASSETCATALOG_COMPILER_APPICON_NAME = AppIcon;
				CODE_SIGN_STYLE = Automatic;
				DEVELOPMENT_TEAM = VF5MKR68QW;
				INFOPLIST_FILE = SqliteProj/Info.plist;
				LD_RUNPATH_SEARCH_PATHS = (
					"$(inherited)",
					"@executable_path/Frameworks",
				);
				PRODUCT_BUNDLE_IDENTIFIER = com.ckk.SqliteProj;
				PRODUCT_NAME = "$(TARGET_NAME)";
				SWIFT_VERSION = 5.0;
				TARGETED_DEVICE_FAMILY = "1,2";
			};
			name = Release;
		};
/* End XCBuildConfiguration section */

/* Begin XCConfigurationList section */
		6BAE834822E09F82002318BC /* Build configuration list for PBXProject "SqliteProj" */ = {
			isa = XCConfigurationList;
			buildConfigurations = (
				6BAE835F22E09F84002318BC /* Debug */,
				6BAE836022E09F84002318BC /* Release */,
			);
			defaultConfigurationIsVisible = 0;
			defaultConfigurationName = Release;
		};
		6BAE836122E09F84002318BC /* Build configuration list for PBXNativeTarget "SqliteProj" */ = {
			isa = XCConfigurationList;
			buildConfigurations = (
				6BAE836222E09F84002318BC /* Debug */,
				6BAE836322E09F84002318BC /* Release */,
			);
			defaultConfigurationIsVisible = 0;
			defaultConfigurationName = Release;
		};
/* End XCConfigurationList section */
	};
	rootObject = 6BAE834522E09F82002318BC /* Project object */;
}
